[[package]]
name = "pip"
version = "20.1.1"
description = "The PyPA recommended tool for installing Python packages."
category = "main"
optional = false
python-versions = ">=2.7,!=3.0.*,!=3.1.*,!=3.2.*,!=3.3.*,!=3.4.*"

[metadata]
lock-version = "1.1"
python-versions = ">=3.7,<3.11"
content-hash = "4685b594e68e986c352a67e4a1c58cda7d77277251c35cf91040c834cf32971c"

[metadata.files]
pip = [
    {file = "pip-20.1.1-py2.py3-none-any.whl", hash = "sha256:b27c4dedae8c41aa59108f2fa38bf78e0890e590545bc8ece7cdceb4ba60f6e4"},
    {file = "pip-20.1.1.tar.gz", hash = "sha256:27f8dc29387dd83249e06e681ce087e6061826582198a425085e0bf4c1cf3a55"},
]
